
Microsoft Visual Studio Solution File, Format Version 12.00
# Visual Studio Version 17
VisualStudioVersion = 17.5.33530.505
MinimumVisualStudioVersion = 10.0.40219.1
Project("{9A19103F-16F7-4668-BE54-9A1E7A4F7556}") = "Domain", "Domain\Domain.csproj", "{802388D1-187C-47AA-A2AF-B62169F58D15}"
EndProject
Project("{9A19103F-16F7-4668-BE54-9A1E7A4F7556}") = "Bussines", "Bussines\Bussines.csproj", "{A220DC9D-6BF9-4876-8B74-2731B0FA729D}"
EndProject
Project("{9A19103F-16F7-4668-BE54-9A1E7A4F7556}") = "DataAccess", "DataAccess\DataAccess.csproj", "{1E54586E-B16B-425D-A93D-161B9FF967FC}"
EndProject
Project("{FAE04EC0-301F-11D3-BF4B-00C04F79EFBC}") = "WebApi", "WebApi\WebApi.csproj", "{272331C2-11B0-442A-8639-5206029939B1}"
EndProject
Global
	GlobalSection(SolutionConfigurationPlatforms) = preSolution
		Debug|Any CPU = Debug|Any CPU
		Release|Any CPU = Release|Any CPU
	EndGlobalSection
	GlobalSection(ProjectConfigurationPlatforms) = postSolution
		{802388D1-187C-47AA-A2AF-B62169F58D15}.Debug|Any CPU.ActiveCfg = Debug|Any CPU
		{802388D1-187C-47AA-A2AF-B62169F58D15}.Debug|Any CPU.Build.0 = Debug|Any CPU
		{802388D1-187C-47AA-A2AF-B62169F58D15}.Release|Any CPU.ActiveCfg = Release|Any CPU
		{802388D1-187C-47AA-A2AF-B62169F58D15}.Release|Any CPU.Build.0 = Release|Any CPU
		{A220DC9D-6BF9-4876-8B74-2731B0FA729D}.Debug|Any CPU.ActiveCfg = Debug|Any CPU
		{A220DC9D-6BF9-4876-8B74-2731B0FA729D}.Debug|Any CPU.Build.0 = Debug|Any CPU
		{A220DC9D-6BF9-4876-8B74-2731B0FA729D}.Release|Any CPU.ActiveCfg = Release|Any CPU
		{A220DC9D-6BF9-4876-8B74-2731B0FA729D}.Release|Any CPU.Build.0 = Release|Any CPU
		{1E54586E-B16B-425D-A93D-161B9FF967FC}.Debug|Any CPU.ActiveCfg = Debug|Any CPU
		{1E54586E-B16B-425D-A93D-161B9FF967FC}.Debug|Any CPU.Build.0 = Debug|Any CPU
		{1E54586E-B16B-425D-A93D-161B9FF967FC}.Release|Any CPU.ActiveCfg = Release|Any CPU
		{1E54586E-B16B-425D-A93D-161B9FF967FC}.Release|Any CPU.Build.0 = Release|Any CPU
		{272331C2-11B0-442A-8639-5206029939B1}.Debug|Any CPU.ActiveCfg = Debug|Any CPU
		{272331C2-11B0-442A-8639-5206029939B1}.Debug|Any CPU.Build.0 = Debug|Any CPU
		{272331C2-11B0-442A-8639-5206029939B1}.Release|Any CPU.ActiveCfg = Release|Any CPU
		{272331C2-11B0-442A-8639-5206029939B1}.Release|Any CPU.Build.0 = Release|Any CPU
	EndGlobalSection
	GlobalSection(SolutionProperties) = preSolution
		HideSolutionNode = FALSE
	EndGlobalSection
	GlobalSection(ExtensibilityGlobals) = postSolution
		SolutionGuid = {2F69A582-BD5B-4FB0-B614-EFB6C4008F73}
	EndGlobalSection
EndGlobal
